{
  "name": "ajs2",
  "version": "1.0.0",
  "lockfileVersion": 3,
  "requires": true,
  "packages": {
    "": {
      "name": "ajs2",
      "version": "1.0.0",
      "license": "ISC",
      "dependencies": {
        "@subhuntvpn/ajsvpn": "^1.0.1"
      }
    },
    "node_modules/@subhuntvpn/ajsvpn": {
      "version": "1.0.1",
      "resolved": "https://npm.pkg.github.com/download/@subhuntvpn/ajsvpn/1.0.1/e052b4de2e38fdcfd6f628d439270b067283eee9",
      "integrity": "sha512-hqB5I/gkk7A79FLJQ+qSnRP8FSE3W6+Jzd9FAhgAj27KoTL6GBhfS5bXd7alddixz68Y8X9KDPZtt3z1Vrbh+w==",
      "license": "ISC"
    }
  }
}
